# This file is generated by running "yarn install" inside your project.
# Manual changes might be lost - proceed with caution!

__metadata:
  version: 8
  cacheKey: 10c0

"@biomejs/biome@npm:^1.9.4":
  version: 1.9.4
  resolution: "@biomejs/biome@npm:1.9.4"
  dependencies:
    "@biomejs/cli-darwin-arm64": "npm:1.9.4"
    "@biomejs/cli-darwin-x64": "npm:1.9.4"
    "@biomejs/cli-linux-arm64": "npm:1.9.4"
    "@biomejs/cli-linux-arm64-musl": "npm:1.9.4"
    "@biomejs/cli-linux-x64": "npm:1.9.4"
    "@biomejs/cli-linux-x64-musl": "npm:1.9.4"
    "@biomejs/cli-win32-arm64": "npm:1.9.4"
    "@biomejs/cli-win32-x64": "npm:1.9.4"
  dependenciesMeta:
    "@biomejs/cli-darwin-arm64":
      optional: true
    "@biomejs/cli-darwin-x64":
      optional: true
    "@biomejs/cli-linux-arm64":
      optional: true
    "@biomejs/cli-linux-arm64-musl":
      optional: true
    "@biomejs/cli-linux-x64":
      optional: true
    "@biomejs/cli-linux-x64-musl":
      optional: true
    "@biomejs/cli-win32-arm64":
      optional: true
    "@biomejs/cli-win32-x64":
      optional: true
  bin:
    biome: bin/biome
  checksum: 10c0/b5655c5aed9a6fffe24f7d04f15ba4444389d0e891c9ed9106fab7388ac9b4be63185852cc2a937b22940dac3e550b71032a4afd306925cfea436c33e5646b3e
  languageName: node
  linkType: hard

"@biomejs/cli-darwin-arm64@npm:1.9.4":
  version: 1.9.4
  resolution: "@biomejs/cli-darwin-arm64@npm:1.9.4"
  conditions: os=darwin & cpu=arm64
  languageName: node
  linkType: hard

"@biomejs/cli-darwin-x64@npm:1.9.4":
  version: 1.9.4
  resolution: "@biomejs/cli-darwin-x64@npm:1.9.4"
  conditions: os=darwin & cpu=x64
  languageName: node
  linkType: hard

"@biomejs/cli-linux-arm64-musl@npm:1.9.4":
  version: 1.9.4
  resolution: "@biomejs/cli-linux-arm64-musl@npm:1.9.4"
  conditions: os=linux & cpu=arm64 & libc=musl
  languageName: node
  linkType: hard

"@biomejs/cli-linux-arm64@npm:1.9.4":
  version: 1.9.4
  resolution: "@biomejs/cli-linux-arm64@npm:1.9.4"
  conditions: os=linux & cpu=arm64 & libc=glibc
  languageName: node
  linkType: hard

"@biomejs/cli-linux-x64-musl@npm:1.9.4":
  version: 1.9.4
  resolution: "@biomejs/cli-linux-x64-musl@npm:1.9.4"
  conditions: os=linux & cpu=x64 & libc=musl
  languageName: node
  linkType: hard

"@biomejs/cli-linux-x64@npm:1.9.4":
  version: 1.9.4
  resolution: "@biomejs/cli-linux-x64@npm:1.9.4"
  conditions: os=linux & cpu=x64 & libc=glibc
  languageName: node
  linkType: hard

"@biomejs/cli-win32-arm64@npm:1.9.4":
  version: 1.9.4
  resolution: "@biomejs/cli-win32-arm64@npm:1.9.4"
  conditions: os=win32 & cpu=arm64
  languageName: node
  linkType: hard

"@biomejs/cli-win32-x64@npm:1.9.4":
  version: 1.9.4
  resolution: "@biomejs/cli-win32-x64@npm:1.9.4"
  conditions: os=win32 & cpu=x64
  languageName: node
  linkType: hard

"@types/node@npm:^24.0.3":
  version: 24.0.3
  resolution: "@types/node@npm:24.0.3"
  dependencies:
    undici-types: "npm:~7.8.0"
  checksum: 10c0/9c3c4e87600d1cf11e291c2fd4bfd806a615455463c30a0ef6dc9c801b3423344d9b82b8084e3ccabce485a7421ebb61a66e9676181bd7d9aea4759998a120d5
  languageName: node
  linkType: hard

"dequal@npm:^2.0.0":
  version: 2.0.3
  resolution: "dequal@npm:2.0.3"
  checksum: 10c0/f98860cdf58b64991ae10205137c0e97d384c3a4edc7f807603887b7c4b850af1224a33d88012009f150861cbee4fa2d322c4cc04b9313bee312e47f6ecaa888
  languageName: node
  linkType: hard

"diff@npm:^5.0.0":
  version: 5.2.0
  resolution: "diff@npm:5.2.0"
  checksum: 10c0/aed0941f206fe261ecb258dc8d0ceea8abbde3ace5827518ff8d302f0fc9cc81ce116c4d8f379151171336caf0516b79e01abdc1ed1201b6440d895a66689eb4
  languageName: node
  linkType: hard

"kleur@npm:^4.0.3":
  version: 4.1.5
  resolution: "kleur@npm:4.1.5"
  checksum: 10c0/e9de6cb49657b6fa70ba2d1448fd3d691a5c4370d8f7bbf1c2f64c24d461270f2117e1b0afe8cb3114f13bbd8e51de158c2a224953960331904e636a5e4c0f2a
  languageName: node
  linkType: hard

"mri@npm:^1.1.0":
  version: 1.2.0
  resolution: "mri@npm:1.2.0"
  checksum: 10c0/a3d32379c2554cf7351db6237ddc18dc9e54e4214953f3da105b97dc3babe0deb3ffe99cf409b38ea47cc29f9430561ba6b53b24ab8f9ce97a4b50409e4a50e7
  languageName: node
  linkType: hard

"npc-centric-skyrim@workspace:.":
  version: 0.0.0-use.local
  resolution: "npc-centric-skyrim@workspace:."
  dependencies:
    "@biomejs/biome": "npm:^1.9.4"
    "@types/node": "npm:^24.0.3"
    ollama: "npm:^0.5.16"
    openai: "npm:^5.5.1"
    typescript: "npm:^5.8.3"
    uvu: "npm:^0.5.6"
  languageName: unknown
  linkType: soft

"ollama@npm:^0.5.16":
  version: 0.5.16
  resolution: "ollama@npm:0.5.16"
  dependencies:
    whatwg-fetch: "npm:^3.6.20"
  checksum: 10c0/901f9dac5692447219b3a48dcb9ad4f7da292a8ddbbbf429482cdde56e787a8a37123f3df18957733b8990f70b67fd05eb13b9bb17bd029eb6597d5b36345d7a
  languageName: node
  linkType: hard

"openai@npm:^5.5.1":
  version: 5.5.1
  resolution: "openai@npm:5.5.1"
  peerDependencies:
    ws: ^8.18.0
    zod: ^3.23.8
  peerDependenciesMeta:
    ws:
      optional: true
    zod:
      optional: true
  bin:
    openai: bin/cli
  checksum: 10c0/723a42b8fc8b4ac49f674f014c77d5e3d739469affb11759861cfa5471d608e10f92a7d446440149eb6ce1328ee51b3afa1a91cdfb938b94100fb99d512c7f3c
  languageName: node
  linkType: hard

"sade@npm:^1.7.3":
  version: 1.8.1
  resolution: "sade@npm:1.8.1"
  dependencies:
    mri: "npm:^1.1.0"
  checksum: 10c0/da8a3a5d667ad5ce3bf6d4f054bbb9f711103e5df21003c5a5c1a8a77ce12b640ed4017dd423b13c2307ea7e645adee7c2ae3afe8051b9db16a6f6d3da3f90b1
  languageName: node
  linkType: hard

"typescript@npm:^5.8.3":
  version: 5.8.3
  resolution: "typescript@npm:5.8.3"
  bin:
    tsc: bin/tsc
    tsserver: bin/tsserver
  checksum: 10c0/5f8bb01196e542e64d44db3d16ee0e4063ce4f3e3966df6005f2588e86d91c03e1fb131c2581baf0fb65ee79669eea6e161cd448178986587e9f6844446dbb48
  languageName: node
  linkType: hard

"typescript@patch:typescript@npm%3A^5.8.3#optional!builtin<compat/typescript>":
  version: 5.8.3
  resolution: "typescript@patch:typescript@npm%3A5.8.3#optional!builtin<compat/typescript>::version=5.8.3&hash=5786d5"
  bin:
    tsc: bin/tsc
    tsserver: bin/tsserver
  checksum: 10c0/39117e346ff8ebd87ae1510b3a77d5d92dae5a89bde588c747d25da5c146603a99c8ee588c7ef80faaf123d89ed46f6dbd918d534d641083177d5fac38b8a1cb
  languageName: node
  linkType: hard

"undici-types@npm:~7.8.0":
  version: 7.8.0
  resolution: "undici-types@npm:7.8.0"
  checksum: 10c0/9d9d246d1dc32f318d46116efe3cfca5a72d4f16828febc1918d94e58f6ffcf39c158aa28bf5b4fc52f410446bc7858f35151367bd7a49f21746cab6497b709b
  languageName: node
  linkType: hard

"uvu@npm:^0.5.6":
  version: 0.5.6
  resolution: "uvu@npm:0.5.6"
  dependencies:
    dequal: "npm:^2.0.0"
    diff: "npm:^5.0.0"
    kleur: "npm:^4.0.3"
    sade: "npm:^1.7.3"
  bin:
    uvu: bin.js
  checksum: 10c0/ad32eb5f7d94bdeb71f80d073003f0138e24f61ed68cecc8e15d2f30838f44c9670577bb1775c8fac894bf93d1bc1583d470a9195e49bfa6efa14cc6f4942bff
  languageName: node
  linkType: hard

"whatwg-fetch@npm:^3.6.20":
  version: 3.6.20
  resolution: "whatwg-fetch@npm:3.6.20"
  checksum: 10c0/fa972dd14091321d38f36a4d062298df58c2248393ef9e8b154493c347c62e2756e25be29c16277396046d6eaa4b11bd174f34e6403fff6aaca9fb30fa1ff46d
  languageName: node
  linkType: hard
